// !$*UTF8*$!
{
	archiveVersion = 1;
	classes = {
	};
	objectVersion = 55;
	objects = {

/* Begin PBXBuildFile section */
		3F87927F27D545800082530E /* AppDelegate.swift in Sources */ = {isa = PBXBuildFile; fileRef = 3F87927E27D545800082530E /* AppDelegate.swift */; };
		3F87928127D545800082530E /* SceneDelegate.swift in Sources */ = {isa = PBXBuildFile; fileRef = 3F87928027D545800082530E /* SceneDelegate.swift */; };
		3F87928327D545800082530E /* ViewController.swift in Sources */ = {isa = PBXBuildFile; fileRef = 3F87928227D545800082530E /* ViewController.swift */; };
		3F87928627D545800082530E /* Main.storyboard in Resources */ = {isa = PBXBuildFile; fileRef = 3F87928427D545800082530E /* Main.storyboard */; };
		3F87928827D545840082530E /* Assets.xcassets in Resources */ = {isa = PBXBuildFile; fileRef = 3F87928727D545840082530E /* Assets.xcassets */; };
		3F87928B27D545840082530E /* LaunchScreen.storyboard in Resources */ = {isa = PBXBuildFile; fileRef = 3F87928927D545840082530E /* LaunchScreen.storyboard */; };
		3F87929627D545840082530E /* TableViewApp_JacobMTests.swift in Sources */ = {isa = PBXBuildFile; fileRef = 3F87929527D545840082530E /* TableViewApp_JacobMTests.swift */; };
		3F8792A027D545840082530E /* TableViewApp_JacobMUITests.swift in Sources */ = {isa = PBXBuildFile; fileRef = 3F87929F27D545840082530E /* TableViewApp_JacobMUITests.swift */; };
		3F8792A227D545840082530E /* TableViewApp_JacobMUITestsLaunchTests.swift in Sources */ = {isa = PBXBuildFile; fileRef = 3F8792A127D545840082530E /* TableViewApp_JacobMUITestsLaunchTests.swift */; };
/* End PBXBuildFile section */

/* Begin PBXContainerItemProxy section */
		3F87929227D545840082530E /* PBXContainerItemProxy */ = {
			isa = PBXContainerItemProxy;
			containerPortal = 3F87927327D545800082530E /* Project object */;
			proxyType = 1;
			remoteGlobalIDString = 3F87927A27D545800082530E;
			remoteInfo = "TableViewApp-JacobM";
		};
		3F87929C27D545840082530E /* PBXContainerItemProxy */ = {
			isa = PBXContainerItemProxy;
			containerPortal = 3F87927327D545800082530E /* Project object */;
			proxyType = 1;
			remoteGlobalIDString = 3F87927A27D545800082530E;
			remoteInfo = "TableViewApp-JacobM";
		};
/* End PBXContainerItemProxy section */

/* Begin PBXFileReference section */
		3F87927B27D545800082530E /* TableViewApp-JacobM.app */ = {isa = PBXFileReference; explicitFileType = wrapper.application; includeInIndex = 0; path = "TableViewApp-JacobM.app"; sourceTree = BUILT_PRODUCTS_DIR; };
		3F87927E27D545800082530E /* AppDelegate.swift */ = {isa = PBXFileReference; lastKnownFileType = sourcecode.swift; path = AppDelegate.swift; sourceTree = "<group>"; };
		3F87928027D545800082530E /* SceneDelegate.swift */ = {isa = PBXFileReference; lastKnownFileType = sourcecode.swift; path = SceneDelegate.swift; sourceTree = "<group>"; };
		3F87928227D545800082530E /* ViewController.swift */ = {isa = PBXFileReference; lastKnownFileType = sourcecode.swift; path = ViewController.swift; sourceTree = "<group>"; };
		3F87928527D545800082530E /* Base */ = {isa = PBXFileReference; lastKnownFileType = file.storyboard; name = Base; path = Base.lproj/Main.storyboard; sourceTree = "<group>"; };
		3F87928727D545840082530E /* Assets.xcassets */ = {isa = PBXFileReference; lastKnownFileType = folder.assetcatalog; path = Assets.xcassets; sourceTree = "<group>"; };
		3F87928A27D545840082530E /* Base */ = {isa = PBXFileReference; lastKnownFileType = file.storyboard; name = Base; path = Base.lproj/LaunchScreen.storyboard; sourceTree = "<group>"; };
		3F87928C27D545840082530E /* Info.plist */ = {isa = PBXFileReference; lastKnownFileType = text.plist.xml; path = Info.plist; sourceTree = "<group>"; };
		3F87929127D545840082530E /* TableViewApp-JacobMTests.xctest */ = {isa = PBXFileReference; explicitFileType = wrapper.cfbundle; includeInIndex = 0; path = "TableViewApp-JacobMTests.xctest"; sourceTree = BUILT_PRODUCTS_DIR; };
		3F87929527D545840082530E /* TableViewApp_JacobMTests.swift */ = {isa = PBXFileReference; lastKnownFileType = sourcecode.swift; path = TableViewApp_JacobMTests.swift; sourceTree = "<group>"; };
		3F87929B27D545840082530E /* TableViewApp-JacobMUITests.xctest */ = {isa = PBXFileReference; explicitFileType = wrapper.cfbundle; includeInIndex = 0; path = "TableViewApp-JacobMUITests.xctest"; sourceTree = BUILT_PRODUCTS_DIR; };
		3F87929F27D545840082530E /* TableViewApp_JacobMUITests.swift */ = {isa = PBXFileReference; lastKnownFileType = sourcecode.swift; path = TableViewApp_JacobMUITests.swift; sourceTree = "<group>"; };
		3F8792A127D545840082530E /* TableViewApp_JacobMUITestsLaunchTests.swift */ = {isa = PBXFileReference; lastKnownFileType = sourcecode.swift; path = TableViewApp_JacobMUITestsLaunchTests.swift; sourceTree = "<group>"; };
/* End PBXFileReference section */

/* Begin PBXFrameworksBuildPhase section */
		3F87927827D545800082530E /* Frameworks */ = {
			isa = PBXFrameworksBuildPhase;
			buildActionMask = 2147483647;
			files = (
			);
			runOnlyForDeploymentPostprocessing = 0;
		};
		3F87928E27D545840082530E /* Frameworks */ = {
			isa = PBXFrameworksBuildPhase;
			buildActionMask = 2147483647;
			files = (
			);
			runOnlyForDeploymentPostprocessing = 0;
		};
		3F87929827D545840082530E /* Frameworks */ = {
			isa = PBXFrameworksBuildPhase;
			buildActionMask = 2147483647;
			files = (
			);
			runOnlyForDeploymentPostprocessing = 0;
		};
/* End PBXFrameworksBuildPhase section */

/* Begin PBXGroup section */
		3F87927227D545800082530E = {
			isa = PBXGroup;
			children = (
				3F87927D27D545800082530E /* TableViewApp-JacobM */,
				3F87929427D545840082530E /* TableViewApp-JacobMTests */,
				3F87929E27D545840082530E /* TableViewApp-JacobMUITests */,
				3F87927C27D545800082530E /* Products */,
			);
			sourceTree = "<group>";
		};
		3F87927C27D545800082530E /* Products */ = {
			isa = PBXGroup;
			children = (
				3F87927B27D545800082530E /* TableViewApp-JacobM.app */,
				3F87929127D545840082530E /* TableViewApp-JacobMTests.xctest */,
				3F87929B27D545840082530E /* TableViewApp-JacobMUITests.xctest */,
			);
			name = Products;
			sourceTree = "<group>";
		};
		3F87927D27D545800082530E /* TableViewApp-JacobM */ = {
			isa = PBXGroup;
			children = (
				3F87927E27D545800082530E /* AppDelegate.swift */,
				3F87928027D545800082530E /* SceneDelegate.swift */,
				3F87928227D545800082530E /* ViewController.swift */,
				3F87928427D545800082530E /* Main.storyboard */,
				3F87928727D545840082530E /* Assets.xcassets */,
				3F87928927D545840082530E /* LaunchScreen.storyboard */,
				3F87928C27D545840082530E /* Info.plist */,
			);
			path = "TableViewApp-JacobM";
			sourceTree = "<group>";
		};
		3F87929427D545840082530E /* TableViewApp-JacobMTests */ = {
			isa = PBXGroup;
			children = (
				3F87929527D545840082530E /* TableViewApp_JacobMTests.swift */,
			);
			path = "TableViewApp-JacobMTests";
			sourceTree = "<group>";
		};
		3F87929E27D545840082530E /* TableViewApp-JacobMUITests */ = {
			isa = PBXGroup;
			children = (
				3F87929F27D545840082530E /* TableViewApp_JacobMUITests.swift */,
				3F8792A127D545840082530E /* TableViewApp_JacobMUITestsLaunchTests.swift */,
			);
			path = "TableViewApp-JacobMUITests";
			sourceTree = "<group>";
		};
/* End PBXGroup section */

/* Begin PBXNativeTarget section */
		3F87927A27D545800082530E /* TableViewApp-JacobM */ = {
			isa = PBXNativeTarget;
			buildConfigurationList = 3F8792A527D545840082530E /* Build configuration list for PBXNativeTarget "TableViewApp-JacobM" */;
			buildPhases = (
				3F87927727D545800082530E /* Sources */,
				3F87927827D545800082530E /* Frameworks */,
				3F87927927D545800082530E /* Resources */,
			);
			buildRules = (
			);
			dependencies = (
			);
			name = "TableViewApp-JacobM";
			productName = "TableViewApp-JacobM";
			productReference = 3F87927B27D545800082530E /* TableViewApp-JacobM.app */;
			productType = "com.apple.product-type.application";
		};
		3F87929027D545840082530E /* TableViewApp-JacobMTests */ = {
			isa = PBXNativeTarget;
			buildConfigurationList = 3F8792A827D545840082530E /* Build configuration list for PBXNativeTarget "TableViewApp-JacobMTests" */;
			buildPhases = (
				3F87928D27D545840082530E /* Sources */,
				3F87928E27D545840082530E /* Frameworks */,
				3F87928F27D545840082530E /* Resources */,
			);
			buildRules = (
			);
			dependencies = (
				3F87929327D545840082530E /* PBXTargetDependency */,
			);
			name = "TableViewApp-JacobMTests";
			productName = "TableViewApp-JacobMTests";
			productReference = 3F87929127D545840082530E /* TableViewApp-JacobMTests.xctest */;
			productType = "com.apple.product-type.bundle.unit-test";
		};
		3F87929A27D545840082530E /* TableViewApp-JacobMUITests */ = {
			isa = PBXNativeTarget;
			buildConfigurationList = 3F8792AB27D545840082530E /* Build configuration list for PBXNativeTarget "TableViewApp-JacobMUITests" */;
			buildPhases = (
				3F87929727D545840082530E /* Sources */,
				3F87929827D545840082530E /* Frameworks */,
				3F87929927D545840082530E /* Resources */,
			);
			buildRules = (
			);
			dependencies = (
				3F87929D27D545840082530E /* PBXTargetDependency */,
			);
			name = "TableViewApp-JacobMUITests";
			productName = "TableViewApp-JacobMUITests";
			productReference = 3F87929B27D545840082530E /* TableViewApp-JacobMUITests.xctest */;
			productType = "com.apple.product-type.bundle.ui-testing";
		};
/* End PBXNativeTarget section */

/* Begin PBXProject section */
		3F87927327D545800082530E /* Project object */ = {
			isa = PBXProject;
			attributes = {
				BuildIndependentTargetsInParallel = 1;
				LastSwiftUpdateCheck = 1320;
				LastUpgradeCheck = 1320;
				TargetAttributes = {
					3F87927A27D545800082530E = {
						CreatedOnToolsVersion = 13.2.1;
					};
					3F87929027D545840082530E = {
						CreatedOnToolsVersion = 13.2.1;
						TestTargetID = 3F87927A27D545800082530E;
					};
					3F87929A27D545840082530E = {
						CreatedOnToolsVersion = 13.2.1;
						TestTargetID = 3F87927A27D545800082530E;
					};
				};
			};
			buildConfigurationList = 3F87927627D545800082530E /* Build configuration list for PBXProject "TableViewApp-JacobM" */;
			compatibilityVersion = "Xcode 13.0";
			developmentRegion = en;
			hasScannedForEncodings = 0;
			knownRegions = (
				en,
				Base,
			);
			mainGroup = 3F87927227D545800082530E;
			productRefGroup = 3F87927C27D545800082530E /* Products */;
			projectDirPath = "";
			projectRoot = "";
			targets = (
				3F87927A27D545800082530E /* TableViewApp-JacobM */,
				3F87929027D545840082530E /* TableViewApp-JacobMTests */,
				3F87929A27D545840082530E /* TableViewApp-JacobMUITests */,
			);
		};
/* End PBXProject section */

/* Begin PBXResourcesBuildPhase section */
		3F87927927D545800082530E /* Resources */ = {
			isa = PBXResourcesBuildPhase;
			buildActionMask = 2147483647;
			files = (
				3F87928B27D545840082530E /* LaunchScreen.storyboard in Resources */,
				3F87928827D545840082530E /* Assets.xcassets in Resources */,
				3F87928627D545800082530E /* Main.storyboard in Resources */,
			);
			runOnlyForDeploymentPostprocessing = 0;
		};
		3F87928F27D545840082530E /* Resources */ = {
			isa = PBXResourcesBuildPhase;
			buildActionMask = 2147483647;
			files = (
			);
			runOnlyForDeploymentPostprocessing = 0;
		};
		3F87929927D545840082530E /* Resources */ = {
			isa = PBXResourcesBuildPhase;
			buildActionMask = 2147483647;
			files = (
			);
			runOnlyForDeploymentPostprocessing = 0;
		};
/* End PBXResourcesBuildPhase section */

/* Begin PBXSourcesBuildPhase section */
		3F87927727D545800082530E /* Sources */ = {
			isa = PBXSourcesBuildPhase;
			buildActionMask = 2147483647;
			files = (
				3F87928327D545800082530E /* ViewController.swift in Sources */,
				3F87927F27D545800082530E /* AppDelegate.swift in Sources */,
				3F87928127D545800082530E /* SceneDelegate.swift in Sources */,
			);
			runOnlyForDeploymentPostprocessing = 0;
		};
		3F87928D27D545840082530E /* Sources */ = {
			isa = PBXSourcesBuildPhase;
			buildActionMask = 2147483647;
			files = (
				3F87929627D545840082530E /* TableViewApp_JacobMTests.swift in Sources */,
			);
			runOnlyForDeploymentPostprocessing = 0;
		};
		3F87929727D545840082530E /* Sources */ = {
			isa = PBXSourcesBuildPhase;
			buildActionMask = 2147483647;
			files = (
				3F8792A227D545840082530E /* TableViewApp_JacobMUITestsLaunchTests.swift in Sources */,
				3F8792A027D545840082530E /* TableViewApp_JacobMUITests.swift in Sources */,
			);
			runOnlyForDeploymentPostprocessing = 0;
		};
/* End PBXSourcesBuildPhase section */

/* Begin PBXTargetDependency section */
		3F87929327D545840082530E /* PBXTargetDependency */ = {
			isa = PBXTargetDependency;
			target = 3F87927A27D545800082530E /* TableViewApp-JacobM */;
			targetProxy = 3F87929227D545840082530E /* PBXContainerItemProxy */;
		};
		3F87929D27D545840082530E /* PBXTargetDependency */ = {
			isa = PBXTargetDependency;
			target = 3F87927A27D545800082530E /* TableViewApp-JacobM */;
			targetProxy = 3F87929C27D545840082530E /* PBXContainerItemProxy */;
		};
/* End PBXTargetDependency section */

/* Begin PBXVariantGroup section */
		3F87928427D545800082530E /* Main.storyboard */ = {
			isa = PBXVariantGroup;
			children = (
				3F87928527D545800082530E /* Base */,
			);
			name = Main.storyboard;
			sourceTree = "<group>";
		};
		3F87928927D545840082530E /* LaunchScreen.storyboard */ = {
			isa = PBXVariantGroup;
			children = (
				3F87928A27D545840082530E /* Base */,
			);
			name = LaunchScreen.storyboard;
			sourceTree = "<group>";
		};
/* End PBXVariantGroup section */

/* Begin XCBuildConfiguration section */
		3F8792A327D545840082530E /* Debug */ = {
			isa = XCBuildConfiguration;
			buildSettings = {
				ALWAYS_SEARCH_USER_PATHS = NO;
				CLANG_ANALYZER_NONNULL = YES;
				CLANG_ANALYZER_NUMBER_OBJECT_CONVERSION = YES_AGGRESSIVE;
				CLANG_CXX_LANGUAGE_STANDARD = "gnu++17";
				CLANG_CXX_LIBRARY = "libc++";
				CLANG_ENABLE_MODULES = YES;
				CLANG_ENABLE_OBJC_ARC = YES;
				CLANG_ENABLE_OBJC_WEAK = YES;
				CLANG_WARN_BLOCK_CAPTURE_AUTORELEASING = YES;
				CLANG_WARN_BOOL_CONVERSION = YES;
				CLANG_WARN_COMMA = YES;
				CLANG_WARN_CONSTANT_CONVERSION = YES;
				CLANG_WARN_DEPRECATED_OBJC_IMPLEMENTATIONS = YES;
				CLANG_WARN_DIRECT_OBJC_ISA_USAGE = YES_ERROR;
				CLANG_WARN_DOCUMENTATION_COMMENTS = YES;
				CLANG_WARN_EMPTY_BODY = YES;
				CLANG_WARN_ENUM_CONVERSION = YES;
				CLANG_WARN_INFINITE_RECURSION = YES;
				CLANG_WARN_INT_CONVERSION = YES;
				CLANG_WARN_NON_LITERAL_NULL_CONVERSION = YES;
				CLANG_WARN_OBJC_IMPLICIT_RETAIN_SELF = YES;
				CLANG_WARN_OBJC_LITERAL_CONVERSION = YES;
				CLANG_WARN_OBJC_ROOT_CLASS = YES_ERROR;
				CLANG_WARN_QUOTED_INCLUDE_IN_FRAMEWORK_HEADER = YES;
				CLANG_WARN_RANGE_LOOP_ANALYSIS = YES;
				CLANG_WARN_STRICT_PROTOTYPES = YES;
				CLANG_WARN_SUSPICIOUS_MOVE = YES;
				CLANG_WARN_UNGUARDED_AVAILABILITY = YES_AGGRESSIVE;
				CLANG_WARN_UNREACHABLE_CODE = YES;
				CLANG_WARN__DUPLICATE_METHOD_MATCH = YES;
				COPY_PHASE_STRIP = NO;
				DEBUG_INFORMATION_FORMAT = dwarf;
				ENABLE_STRICT_OBJC_MSGSEND = YES;
				ENABLE_TESTABILITY = YES;
				GCC_C_LANGUAGE_STANDARD = gnu11;
				GCC_DYNAMIC_NO_PIC = NO;
				GCC_NO_COMMON_BLOCKS = YES;
				GCC_OPTIMIZATION_LEVEL = 0;
				GCC_PREPROCESSOR_DEFINITIONS = (
					"DEBUG=1",
					"$(inherited)",
				);
				GCC_WARN_64_TO_32_BIT_CONVERSION = YES;
				GCC_WARN_ABOUT_RETURN_TYPE = YES_ERROR;
				GCC_WARN_UNDECLARED_SELECTOR = YES;
				GCC_WARN_UNINITIALIZED_AUTOS = YES_AGGRESSIVE;
				GCC_WARN_UNUSED_FUNCTION = YES;
				GCC_WARN_UNUSED_VARIABLE = YES;
				IPHONEOS_DEPLOYMENT_TARGET = 15.2;
				MTL_ENABLE_DEBUG_INFO = INCLUDE_SOURCE;
				MTL_FAST_MATH = YES;
				ONLY_ACTIVE_ARCH = YES;
				SDKROOT = iphoneos;
				SWIFT_ACTIVE_COMPILATION_CONDITIONS = DEBUG;
				SWIFT_OPTIMIZATION_LEVEL = "-Onone";
			};
			name = Debug;
		};
		3F8792A427D545840082530E /* Release */ = {
			isa = XCBuildConfiguration;
			buildSettings = {
				ALWAYS_SEARCH_USER_PATHS = NO;
				CLANG_ANALYZER_NONNULL = YES;
				CLANG_ANALYZER_NUMBER_OBJECT_CONVERSION = YES_AGGRESSIVE;
				CLANG_CXX_LANGUAGE_STANDARD = "gnu++17";
				CLANG_CXX_LIBRARY = "libc++";
				CLANG_ENABLE_MODULES = YES;
				CLANG_ENABLE_OBJC_ARC = YES;
				CLANG_ENABLE_OBJC_WEAK = YES;
				CLANG_WARN_BLOCK_CAPTURE_AUTORELEASING = YES;
				CLANG_WARN_BOOL_CONVERSION = YES;
				CLANG_WARN_COMMA = YES;
				CLANG_WARN_CONSTANT_CONVERSION = YES;
				CLANG_WARN_DEPRECATED_OBJC_IMPLEMENTATIONS = YES;
				CLANG_WARN_DIRECT_OBJC_ISA_USAGE = YES_ERROR;
				CLANG_WARN_DOCUMENTATION_COMMENTS = YES;
				CLANG_WARN_EMPTY_BODY = YES;
				CLANG_WARN_ENUM_CONVERSION = YES;
				CLANG_WARN_INFINITE_RECURSION = YES;
				CLANG_WARN_INT_CONVERSION = YES;
				CLANG_WARN_NON_LITERAL_NULL_CONVERSION = YES;
				CLANG_WARN_OBJC_IMPLICIT_RETAIN_SELF = YES;
				CLANG_WARN_OBJC_LITERAL_CONVERSION = YES;
				CLANG_WARN_OBJC_ROOT_CLASS = YES_ERROR;
				CLANG_WARN_QUOTED_INCLUDE_IN_FRAMEWORK_HEADER = YES;
				CLANG_WARN_RANGE_LOOP_ANALYSIS = YES;
				CLANG_WARN_STRICT_PROTOTYPES = YES;
				CLANG_WARN_SUSPICIOUS_MOVE = YES;
				CLANG_WARN_UNGUARDED_AVAILABILITY = YES_AGGRESSIVE;
				CLANG_WARN_UNREACHABLE_CODE = YES;
				CLANG_WARN__DUPLICATE_METHOD_MATCH = YES;
				COPY_PHASE_STRIP = NO;
				DEBUG_INFORMATION_FORMAT = "dwarf-with-dsym";
				ENABLE_NS_ASSERTIONS = NO;
				ENABLE_STRICT_OBJC_MSGSEND = YES;
				GCC_C_LANGUAGE_STANDARD = gnu11;
				GCC_NO_COMMON_BLOCKS = YES;
				GCC_WARN_64_TO_32_BIT_CONVERSION = YES;
				GCC_WARN_ABOUT_RETURN_TYPE = YES_ERROR;
				GCC_WARN_UNDECLARED_SELECTOR = YES;
				GCC_WARN_UNINITIALIZED_AUTOS = YES_AGGRESSIVE;
				GCC_WARN_UNUSED_FUNCTION = YES;
				GCC_WARN_UNUSED_VARIABLE = YES;
				IPHONEOS_DEPLOYMENT_TARGET = 15.2;
				MTL_ENABLE_DEBUG_INFO = NO;
				MTL_FAST_MATH = YES;
				SDKROOT = iphoneos;
				SWIFT_COMPILATION_MODE = wholemodule;
				SWIFT_OPTIMIZATION_LEVEL = "-O";
				VALIDATE_PRODUCT = YES;
			};
			name = Release;
		};
		3F8792A627D545840082530E /* Debug */ = {
			isa = XCBuildConfiguration;
			buildSettings = {
				ASSETCATALOG_COMPILER_APPICON_NAME = AppIcon;
				ASSETCATALOG_COMPILER_GLOBAL_ACCENT_COLOR_NAME = AccentColor;
				CODE_SIGN_STYLE = Automatic;
				CURRENT_PROJECT_VERSION = 1;
				GENERATE_INFOPLIST_FILE = YES;
				INFOPLIST_FILE = "TableViewApp-JacobM/Info.plist";
				INFOPLIST_KEY_UIApplicationSupportsIndirectInputEvents = YES;
				INFOPLIST_KEY_UILaunchStoryboardName = LaunchScreen;
				INFOPLIST_KEY_UIMainStoryboardFile = Main;
				INFOPLIST_KEY_UISupportedInterfaceOrientations_iPad = "UIInterfaceOrientationPortrait UIInterfaceOrientationPortraitUpsideDown UIInterfaceOrientationLandscapeLeft UIInterfaceOrientationLandscapeRight";
				INFOPLIST_KEY_UISupportedInterfaceOrientations_iPhone = "UIInterfaceOrientationPortrait UIInterfaceOrientationLandscapeLeft UIInterfaceOrientationLandscapeRight";
				LD_RUNPATH_SEARCH_PATHS = (
					"$(inherited)",
					"@executable_path/Frameworks",
				);
				MARKETING_VERSION = 1.0;
				PRODUCT_BUNDLE_IDENTIFIER = "MCC.TableViewApp-JacobM";
				PRODUCT_NAME = "$(TARGET_NAME)";
				SWIFT_EMIT_LOC_STRINGS = YES;
				SWIFT_VERSION = 5.0;
				TARGETED_DEVICE_FAMILY = "1,2";
			};
			name = Debug;
		};
		3F8792A727D545840082530E /* Release */ = {
			isa = XCBuildConfiguration;
			buildSettings = {
				ASSETCATALOG_COMPILER_APPICON_NAME = AppIcon;
				ASSETCATALOG_COMPILER_GLOBAL_ACCENT_COLOR_NAME = AccentColor;
				CODE_SIGN_STYLE = Automatic;
				CURRENT_PROJECT_VERSION = 1;
				GENERATE_INFOPLIST_FILE = YES;
				INFOPLIST_FILE = "TableViewApp-JacobM/Info.plist";
				INFOPLIST_KEY_UIApplicationSupportsIndirectInputEvents = YES;
				INFOPLIST_KEY_UILaunchStoryboardName = LaunchScreen;
				INFOPLIST_KEY_UIMainStoryboardFile = Main;
				INFOPLIST_KEY_UISupportedInterfaceOrientations_iPad = "UIInterfaceOrientationPortrait UIInterfaceOrientationPortraitUpsideDown UIInterfaceOrientationLandscapeLeft UIInterfaceOrientationLandscapeRight";
				INFOPLIST_KEY_UISupportedInterfaceOrientations_iPhone = "UIInterfaceOrientationPortrait UIInterfaceOrientationLandscapeLeft UIInterfaceOrientationLandscapeRight";
				LD_RUNPATH_SEARCH_PATHS = (
					"$(inherited)",
					"@executable_path/Frameworks",
				);
				MARKETING_VERSION = 1.0;
				PRODUCT_BUNDLE_IDENTIFIER = "MCC.TableViewApp-JacobM";
				PRODUCT_NAME = "$(TARGET_NAME)";
				SWIFT_EMIT_LOC_STRINGS = YES;
				SWIFT_VERSION = 5.0;
				TARGETED_DEVICE_FAMILY = "1,2";
			};
			name = Release;
		};
		3F8792A927D545840082530E /* Debug */ = {
			isa = XCBuildConfiguration;
			buildSettings = {
				ALWAYS_EMBED_SWIFT_STANDARD_LIBRARIES = YES;
				BUNDLE_LOADER = "$(TEST_HOST)";
				CODE_SIGN_STYLE = Automatic;
				CURRENT_PROJECT_VERSION = 1;
				GENERATE_INFOPLIST_FILE = YES;
				IPHONEOS_DEPLOYMENT_TARGET = 15.2;
				MARKETING_VERSION = 1.0;
				PRODUCT_BUNDLE_IDENTIFIER = "MCC.TableViewApp-JacobMTests";
				PRODUCT_NAME = "$(TARGET_NAME)";
				SWIFT_EMIT_LOC_STRINGS = NO;
				SWIFT_VERSION = 5.0;
				TARGETED_DEVICE_FAMILY = "1,2";
				TEST_HOST = "$(BUILT_PRODUCTS_DIR)/TableViewApp-JacobM.app/TableViewApp-JacobM";
			};
			name = Debug;
		};
		3F8792AA27D545840082530E /* Release */ = {
			isa = XCBuildConfiguration;
			buildSettings = {
				ALWAYS_EMBED_SWIFT_STANDARD_LIBRARIES = YES;
				BUNDLE_LOADER = "$(TEST_HOST)";
				CODE_SIGN_STYLE = Automatic;
				CURRENT_PROJECT_VERSION = 1;
				GENERATE_INFOPLIST_FILE = YES;
				IPHONEOS_DEPLOYMENT_TARGET = 15.2;
				MARKETING_VERSION = 1.0;
				PRODUCT_BUNDLE_IDENTIFIER = "MCC.TableViewApp-JacobMTests";
				PRODUCT_NAME = "$(TARGET_NAME)";
				SWIFT_EMIT_LOC_STRINGS = NO;
				SWIFT_VERSION = 5.0;
				TARGETED_DEVICE_FAMILY = "1,2";
				TEST_HOST = "$(BUILT_PRODUCTS_DIR)/TableViewApp-JacobM.app/TableViewApp-JacobM";
			};
			name = Release;
		};
		3F8792AC27D545840082530E /* Debug */ = {
			isa = XCBuildConfiguration;
			buildSettings = {
				ALWAYS_EMBED_SWIFT_STANDARD_LIBRARIES = YES;
				CODE_SIGN_STYLE = Automatic;
				CURRENT_PROJECT_VERSION = 1;
				GENERATE_INFOPLIST_FILE = YES;
				MARKETING_VERSION = 1.0;
				PRODUCT_BUNDLE_IDENTIFIER = "MCC.TableViewApp-JacobMUITests";
				PRODUCT_NAME = "$(TARGET_NAME)";
				SWIFT_EMIT_LOC_STRINGS = NO;
				SWIFT_VERSION = 5.0;
				TARGETED_DEVICE_FAMILY = "1,2";
				TEST_TARGET_NAME = "TableViewApp-JacobM";
			};
			name = Debug;
		};
		3F8792AD27D545840082530E /* Release */ = {
			isa = XCBuildConfiguration;
			buildSettings = {
				ALWAYS_EMBED_SWIFT_STANDARD_LIBRARIES = YES;
				CODE_SIGN_STYLE = Automatic;
				CURRENT_PROJECT_VERSION = 1;
				GENERATE_INFOPLIST_FILE = YES;
				MARKETING_VERSION = 1.0;
				PRODUCT_BUNDLE_IDENTIFIER = "MCC.TableViewApp-JacobMUITests";
				PRODUCT_NAME = "$(TARGET_NAME)";
				SWIFT_EMIT_LOC_STRINGS = NO;
				SWIFT_VERSION = 5.0;
				TARGETED_DEVICE_FAMILY = "1,2";
				TEST_TARGET_NAME = "TableViewApp-JacobM";
			};
			name = Release;
		};
/* End XCBuildConfiguration section */

/* Begin XCConfigurationList section */
		3F87927627D545800082530E /* Build configuration list for PBXProject "TableViewApp-JacobM" */ = {
			isa = XCConfigurationList;
			buildConfigurations = (
				3F8792A327D545840082530E /* Debug */,
				3F8792A427D545840082530E /* Release */,
			);
			defaultConfigurationIsVisible = 0;
			defaultConfigurationName = Release;
		};
		3F8792A527D545840082530E /* Build configuration list for PBXNativeTarget "TableViewApp-JacobM" */ = {
			isa = XCConfigurationList;
			buildConfigurations = (
				3F8792A627D545840082530E /* Debug */,
				3F8792A727D545840082530E /* Release */,
			);
			defaultConfigurationIsVisible = 0;
			defaultConfigurationName = Release;
		};
		3F8792A827D545840082530E /* Build configuration list for PBXNativeTarget "TableViewApp-JacobMTests" */ = {
			isa = XCConfigurationList;
			buildConfigurations = (
				3F8792A927D545840082530E /* Debug */,
				3F8792AA27D545840082530E /* Release */,
			);
			defaultConfigurationIsVisible = 0;
			defaultConfigurationName = Release;
		};
		3F8792AB27D545840082530E /* Build configuration list for PBXNativeTarget "TableViewApp-JacobMUITests" */ = {
			isa = XCConfigurationList;
			buildConfigurations = (
				3F8792AC27D545840082530E /* Debug */,
				3F8792AD27D545840082530E /* Release */,
			);
			defaultConfigurationIsVisible = 0;
			defaultConfigurationName = Release;
		};
/* End XCConfigurationList section */
	};
	rootObject = 3F87927327D545800082530E /* Project object */;
}
